Microsoft Visual Studio Solution File, Format Version 12.00
# Visual Studio Version 17
Project("{FAE04EC0-301F-11D3-BF4B-00C04F79EFBC}") = "EmptyGodot", "EmptyGodot.csproj", "{B8C5D4E2-1A2B-4C3D-9E8F-7A6B5C4D3E2F}"
EndProject
Global
	GlobalSection(SolutionConfigurationPlatforms) = preSolution
		Debug|Any CPU = Debug|Any CPU
		ExportDebug|Any CPU = ExportDebug|Any CPU
		ExportRelease|Any CPU = ExportRelease|Any CPU
	EndGlobalSection
	GlobalSection(ProjectConfigurationPlatforms) = postSolution
		{B8C5D4E2-1A2B-4C3D-9E8F-7A6B5C4D3E2F}.Debug|Any CPU.ActiveCfg = Debug|Any CPU
		{B8C5D4E2-1A2B-4C3D-9E8F-7A6B5C4D3E2F}.Debug|Any CPU.Build.0 = Debug|Any CPU
		{B8C5D4E2-1A2B-4C3D-9E8F-7A6B5C4D3E2F}.ExportDebug|Any CPU.ActiveCfg = ExportDebug|Any CPU
		{B8C5D4E2-1A2B-4C3D-9E8F-7A6B5C4D3E2F}.ExportDebug|Any CPU.Build.0 = ExportDebug|Any CPU
		{B8C5D4E2-1A2B-4C3D-9E8F-7A6B5C4D3E2F}.ExportRelease|Any CPU.ActiveCfg = ExportRelease|Any CPU
		{B8C5D4E2-1A2B-4C3D-9E8F-7A6B5C4D3E2F}.ExportRelease|Any CPU.Build.0 = ExportRelease|Any CPU
	EndGlobalSection
EndGlobal
